version = 1
requires-python = ">=3.10"

[[package]]
name = "colorama"
version = "0.4.6"
source = { registry = "https://pypi.org/simple" }
sdist = { url = "https://files.pythonhosted.org/packages/d8/53/6f443c9a4a8358a93a6792e2acffb9d9d5cb0a5cfd8802644b7b1c9a02e4/colorama-0.4.6.tar.gz", hash = "sha256:08695f5cb7ed6e0531a20572697297273c47b8cae5a63ffc6d6ed5c201be6e44", size = 27697 }
wheels = [
    { url = "https://files.pythonhosted.org/packages/d1/d6/3965ed04c63042e047cb6a3e6ed1a63a35087b6a609aa3a15ed8ac56c221/colorama-0.4.6-py2.py3-none-any.whl", hash = "sha256:4f1d9991f5acc0ca119f9d443620b77f9d6b33703e51011c16baf57afb285fc6", size = 25335 },
]

[[package]]
name = "coverage"
version = "7.6.1"
source = { registry = "https://pypi.org/simple" }
sdist = { url = "https://files.pythonhosted.org/packages/f7/08/7e37f82e4d1aead42a7443ff06a1e406aabf7302c4f00a546e4b320b994c/coverage-7.6.1.tar.gz", hash = "sha256:953510dfb7b12ab69d20135a0662397f077c59b1e6379a768e97c59d852ee51d", size = 798791 }
wheels = [
    { url = "https://files.pythonhosted.org/packages/7e/61/eb7ce5ed62bacf21beca4937a90fe32545c91a3c8a42a30c6616d48fc70d/coverage-7.6.1-cp310-cp310-macosx_10_9_x86_64.whl", hash = "sha256:b06079abebbc0e89e6163b8e8f0e16270124c154dc6e4a47b413dd538859af16", size = 206690 },
    { url = "https://files.pythonhosted.org/packages/7d/73/041928e434442bd3afde5584bdc3f932fb4562b1597629f537387cec6f3d/coverage-7.6.1-cp310-cp310-macosx_11_0_arm64.whl", hash = "sha256:cf4b19715bccd7ee27b6b120e7e9dd56037b9c0681dcc1adc9ba9db3d417fa36", size = 207127 },
    { url = "https://files.pythonhosted.org/packages/c7/c8/6ca52b5147828e45ad0242388477fdb90df2c6cbb9a441701a12b3c71bc8/coverage-7.6.1-cp310-cp310-manylinux_2_17_aarch64.manylinux2014_aarch64.whl", hash = "sha256:e61c0abb4c85b095a784ef23fdd4aede7a2628478e7baba7c5e3deba61070a02", size = 235654 },
    { url = "https://files.pythonhosted.org/packages/d5/da/9ac2b62557f4340270942011d6efeab9833648380109e897d48ab7c1035d/coverage-7.6.1-cp310-cp310-manylinux_2_5_i686.manylinux1_i686.manylinux_2_17_i686.manylinux2014_i686.whl", hash = "sha256:fd21f6ae3f08b41004dfb433fa895d858f3f5979e7762d052b12aef444e29afc", size = 233598 },
    { url = "https://files.pythonhosted.org/packages/53/23/9e2c114d0178abc42b6d8d5281f651a8e6519abfa0ef460a00a91f80879d/coverage-7.6.1-cp310-cp310-manylinux_2_5_x86_64.manylinux1_x86_64.manylinux_2_17_x86_64.manylinux2014_x86_64.whl", hash = "sha256:8f59d57baca39b32db42b83b2a7ba6f47ad9c394ec2076b084c3f029b7afca23", size = 234732 },
    { url = "https://files.pythonhosted.org/packages/0f/7e/a0230756fb133343a52716e8b855045f13342b70e48e8ad41d8a0d60ab98/coverage-7.6.1-cp310-cp310-musllinux_1_2_aarch64.whl", hash = "sha256:a1ac0ae2b8bd743b88ed0502544847c3053d7171a3cff9228af618a068ed9c34", size = 233816 },
    { url = "https://files.pythonhosted.org/packages/28/7c/3753c8b40d232b1e5eeaed798c875537cf3cb183fb5041017c1fdb7ec14e/coverage-7.6.1-cp310-cp310-musllinux_1_2_i686.whl", hash = "sha256:e6a08c0be454c3b3beb105c0596ebdc2371fab6bb90c0c0297f4e58fd7e1012c", size = 232325 },
    { url = "https://files.pythonhosted.org/packages/57/e3/818a2b2af5b7573b4b82cf3e9f137ab158c90ea750a8f053716a32f20f06/coverage-7.6.1-cp310-cp310-musllinux_1_2_x86_64.whl", hash = "sha256:f5796e664fe802da4f57a168c85359a8fbf3eab5e55cd4e4569fbacecc903959", size = 233418 },
    { url = "https://files.pythonhosted.org/packages/c8/fb/4532b0b0cefb3f06d201648715e03b0feb822907edab3935112b61b885e2/coverage-7.6.1-cp310-cp310-win32.whl", hash = "sha256:7bb65125fcbef8d989fa1dd0e8a060999497629ca5b0efbca209588a73356232", size = 209343 },
    { url = "https://files.pythonhosted.org/packages/5a/25/af337cc7421eca1c187cc9c315f0a755d48e755d2853715bfe8c418a45fa/coverage-7.6.1-cp310-cp310-win_amd64.whl", hash = "sha256:3115a95daa9bdba70aea750db7b96b37259a81a709223c8448fa97727d546fe0", size = 210136 },
    { url = "https://files.pythonhosted.org/packages/ad/5f/67af7d60d7e8ce61a4e2ddcd1bd5fb787180c8d0ae0fbd073f903b3dd95d/coverage-7.6.1-cp311-cp311-macosx_10_9_x86_64.whl", hash = "sha256:7dea0889685db8550f839fa202744652e87c60015029ce3f60e006f8c4462c93", size = 206796 },
    { url = "https://files.pythonhosted.org/packages/e1/0e/e52332389e057daa2e03be1fbfef25bb4d626b37d12ed42ae6281d0a274c/coverage-7.6.1-cp311-cp311-macosx_11_0_arm64.whl", hash = "sha256:ed37bd3c3b063412f7620464a9ac1314d33100329f39799255fb8d3027da50d3", size = 207244 },
    { url = "https://files.pythonhosted.org/packages/aa/cd/766b45fb6e090f20f8927d9c7cb34237d41c73a939358bc881883fd3a40d/coverage-7.6.1-cp311-cp311-manylinux_2_17_aarch64.manylinux2014_aarch64.whl", hash = "sha256:d85f5e9a5f8b73e2350097c3756ef7e785f55bd71205defa0bfdaf96c31616ff", size = 239279 },
    { url = "https://files.pythonhosted.org/packages/70/6c/a9ccd6fe50ddaf13442a1e2dd519ca805cbe0f1fcd377fba6d8339b98ccb/coverage-7.6.1-cp311-cp311-manylinux_2_5_i686.manylinux1_i686.manylinux_2_17_i686.manylinux2014_i686.whl", hash = "sha256:9bc572be474cafb617672c43fe989d6e48d3c83af02ce8de73fff1c6bb3c198d", size = 236859 },
    { url = "https://files.pythonhosted.org/packages/14/6f/8351b465febb4dbc1ca9929505202db909c5a635c6fdf33e089bbc3d7d85/coverage-7.6.1-cp311-cp311-manylinux_2_5_x86_64.manylinux1_x86_64.manylinux_2_17_x86_64.manylinux2014_x86_64.whl", hash = "sha256:0c0420b573964c760df9e9e86d1a9a622d0d27f417e1a949a8a66dd7bcee7bc6", size = 238549 },
    { url = "https://files.pythonhosted.org/packages/68/3c/289b81fa18ad72138e6d78c4c11a82b5378a312c0e467e2f6b495c260907/coverage-7.6.1-cp311-cp311-musllinux_1_2_aarch64.whl", hash = "sha256:1f4aa8219db826ce6be7099d559f8ec311549bfc4046f7f9fe9b5cea5c581c56", size = 237477 },
    { url = "https://files.pythonhosted.org/packages/ed/1c/aa1efa6459d822bd72c4abc0b9418cf268de3f60eeccd65dc4988553bd8d/coverage-7.6.1-cp311-cp311-musllinux_1_2_i686.whl", hash = "sha256:fc5a77d0c516700ebad189b587de289a20a78324bc54baee03dd486f0855d234", size = 236134 },
    { url = "https://files.pythonhosted.org/packages/fb/c8/521c698f2d2796565fe9c789c2ee1ccdae610b3aa20b9b2ef980cc253640/coverage-7.6.1-cp311-cp311-musllinux_1_2_x86_64.whl", hash = "sha256:b48f312cca9621272ae49008c7f613337c53fadca647d6384cc129d2996d1133", size = 236910 },
    { url = "https://files.pythonhosted.org/packages/7d/30/033e663399ff17dca90d793ee8a2ea2890e7fdf085da58d82468b4220bf7/coverage-7.6.1-cp311-cp311-win32.whl", hash = "sha256:1125ca0e5fd475cbbba3bb67ae20bd2c23a98fac4e32412883f9bcbaa81c314c", size = 209348 },
    { url = "https://files.pythonhosted.org/packages/20/05/0d1ccbb52727ccdadaa3ff37e4d2dc1cd4d47f0c3df9eb58d9ec8508ca88/coverage-7.6.1-cp311-cp311-win_amd64.whl", hash = "sha256:8ae539519c4c040c5ffd0632784e21b2f03fc1340752af711f33e5be83a9d6c6", size = 210230 },
    { url = "https://files.pythonhosted.org/packages/7e/d4/300fc921dff243cd518c7db3a4c614b7e4b2431b0d1145c1e274fd99bd70/coverage-7.6.1-cp312-cp312-macosx_10_9_x86_64.whl", hash = "sha256:95cae0efeb032af8458fc27d191f85d1717b1d4e49f7cb226cf526ff28179778", size = 206983 },
    { url = "https://files.pythonhosted.org/packages/e1/ab/6bf00de5327ecb8db205f9ae596885417a31535eeda6e7b99463108782e1/coverage-7.6.1-cp312-cp312-macosx_11_0_arm64.whl", hash = "sha256:5621a9175cf9d0b0c84c2ef2b12e9f5f5071357c4d2ea6ca1cf01814f45d2391", size = 207221 },
    { url = "https://files.pythonhosted.org/packages/92/8f/2ead05e735022d1a7f3a0a683ac7f737de14850395a826192f0288703472/coverage-7.6.1-cp312-cp312-manylinux_2_17_aarch64.manylinux2014_aarch64.whl", hash = "sha256:260933720fdcd75340e7dbe9060655aff3af1f0c5d20f46b57f262ab6c86a5e8", size = 240342 },
    { url = "https://files.pythonhosted.org/packages/0f/ef/94043e478201ffa85b8ae2d2c79b4081e5a1b73438aafafccf3e9bafb6b5/coverage-7.6.1-cp312-cp312-manylinux_2_5_i686.manylinux1_i686.manylinux_2_17_i686.manylinux2014_i686.whl", hash = "sha256:07e2ca0ad381b91350c0ed49d52699b625aab2b44b65e1b4e02fa9df0e92ad2d", size = 237371 },
    { url = "https://files.pythonhosted.org/packages/1f/0f/c890339dd605f3ebc269543247bdd43b703cce6825b5ed42ff5f2d6122c7/coverage-7.6.1-cp312-cp312-manylinux_2_5_x86_64.manylinux1_x86_64.manylinux_2_17_x86_64.manylinux2014_x86_64.whl", hash = "sha256:c44fee9975f04b33331cb8eb272827111efc8930cfd582e0320613263ca849ca", size = 239455 },
    { url = "https://files.pythonhosted.org/packages/d1/04/7fd7b39ec7372a04efb0f70c70e35857a99b6a9188b5205efb4c77d6a57a/coverage-7.6.1-cp312-cp312-musllinux_1_2_aarch64.whl", hash = "sha256:877abb17e6339d96bf08e7a622d05095e72b71f8afd8a9fefc82cf30ed944163", size = 238924 },
    { url = "https://files.pythonhosted.org/packages/ed/bf/73ce346a9d32a09cf369f14d2a06651329c984e106f5992c89579d25b27e/coverage-7.6.1-cp312-cp312-musllinux_1_2_i686.whl", hash = "sha256:3e0cadcf6733c09154b461f1ca72d5416635e5e4ec4e536192180d34ec160f8a", size = 237252 },
    { url = "https://files.pythonhosted.org/packages/86/74/1dc7a20969725e917b1e07fe71a955eb34bc606b938316bcc799f228374b/coverage-7.6.1-cp312-cp312-musllinux_1_2_x86_64.whl", hash = "sha256:c3c02d12f837d9683e5ab2f3d9844dc57655b92c74e286c262e0fc54213c216d", size = 238897 },
    { url = "https://files.pythonhosted.org/packages/b6/e9/d9cc3deceb361c491b81005c668578b0dfa51eed02cd081620e9a62f24ec/coverage-7.6.1-cp312-cp312-win32.whl", hash = "sha256:e05882b70b87a18d937ca6768ff33cc3f72847cbc4de4491c8e73880766718e5", size = 209606 },
    { url = "https://files.pythonhosted.org/packages/47/c8/5a2e41922ea6740f77d555c4d47544acd7dc3f251fe14199c09c0f5958d3/coverage-7.6.1-cp312-cp312-win_amd64.whl", hash = "sha256:b5d7b556859dd85f3a541db6a4e0167b86e7273e1cdc973e5b175166bb634fdb", size = 210373 },
    { url = "https://files.pythonhosted.org/packages/8c/f9/9aa4dfb751cb01c949c990d136a0f92027fbcc5781c6e921df1cb1563f20/coverage-7.6.1-cp313-cp313-macosx_10_13_x86_64.whl", hash = "sha256:a4acd025ecc06185ba2b801f2de85546e0b8ac787cf9d3b06e7e2a69f925b106", size = 207007 },
    { url = "https://files.pythonhosted.org/packages/b9/67/e1413d5a8591622a46dd04ff80873b04c849268831ed5c304c16433e7e30/coverage-7.6.1-cp313-cp313-macosx_11_0_arm64.whl", hash = "sha256:a6d3adcf24b624a7b778533480e32434a39ad8fa30c315208f6d3e5542aeb6e9", size = 207269 },
    { url = "https://files.pythonhosted.org/packages/14/5b/9dec847b305e44a5634d0fb8498d135ab1d88330482b74065fcec0622224/coverage-7.6.1-cp313-cp313-manylinux_2_17_aarch64.manylinux2014_aarch64.whl", hash = "sha256:d0c212c49b6c10e6951362f7c6df3329f04c2b1c28499563d4035d964ab8e08c", size = 239886 },
    { url = "https://files.pythonhosted.org/packages/7b/b7/35760a67c168e29f454928f51f970342d23cf75a2bb0323e0f07334c85f3/coverage-7.6.1-cp313-cp313-manylinux_2_5_i686.manylinux1_i686.manylinux_2_17_i686.manylinux2014_i686.whl", hash = "sha256:6e81d7a3e58882450ec4186ca59a3f20a5d4440f25b1cff6f0902ad890e6748a", size = 237037 },
    { url = "https://files.pythonhosted.org/packages/f7/95/d2fd31f1d638df806cae59d7daea5abf2b15b5234016a5ebb502c2f3f7ee/coverage-7.6.1-cp313-cp313-manylinux_2_5_x86_64.manylinux1_x86_64.manylinux_2_17_x86_64.manylinux2014_x86_64.whl", hash = "sha256:78b260de9790fd81e69401c2dc8b17da47c8038176a79092a89cb2b7d945d060", size = 239038 },
    { url = "https://files.pythonhosted.org/packages/6e/bd/110689ff5752b67924efd5e2aedf5190cbbe245fc81b8dec1abaffba619d/coverage-7.6.1-cp313-cp313-musllinux_1_2_aarch64.whl", hash = "sha256:a78d169acd38300060b28d600344a803628c3fd585c912cacc9ea8790fe96862", size = 238690 },
    { url = "https://files.pythonhosted.org/packages/d3/a8/08d7b38e6ff8df52331c83130d0ab92d9c9a8b5462f9e99c9f051a4ae206/coverage-7.6.1-cp313-cp313-musllinux_1_2_i686.whl", hash = "sha256:2c09f4ce52cb99dd7505cd0fc8e0e37c77b87f46bc9c1eb03fe3bc9991085388", size = 236765 },
    { url = "https://files.pythonhosted.org/packages/d6/6a/9cf96839d3147d55ae713eb2d877f4d777e7dc5ba2bce227167d0118dfe8/coverage-7.6.1-cp313-cp313-musllinux_1_2_x86_64.whl", hash = "sha256:6878ef48d4227aace338d88c48738a4258213cd7b74fd9a3d4d7582bb1d8a155", size = 238611 },
    { url = "https://files.pythonhosted.org/packages/74/e4/7ff20d6a0b59eeaab40b3140a71e38cf52547ba21dbcf1d79c5a32bba61b/coverage-7.6.1-cp313-cp313-win32.whl", hash = "sha256:44df346d5215a8c0e360307d46ffaabe0f5d3502c8a1cefd700b34baf31d411a", size = 209671 },
    { url = "https://files.pythonhosted.org/packages/35/59/1812f08a85b57c9fdb6d0b383d779e47b6f643bc278ed682859512517e83/coverage-7.6.1-cp313-cp313-win_amd64.whl", hash = "sha256:8284cf8c0dd272a247bc154eb6c95548722dce90d098c17a883ed36e67cdb129", size = 210368 },
    { url = "https://files.pythonhosted.org/packages/9c/15/08913be1c59d7562a3e39fce20661a98c0a3f59d5754312899acc6cb8a2d/coverage-7.6.1-cp313-cp313t-macosx_10_13_x86_64.whl", hash = "sha256:d3296782ca4eab572a1a4eca686d8bfb00226300dcefdf43faa25b5242ab8a3e", size = 207758 },
    { url = "https://files.pythonhosted.org/packages/c4/ae/b5d58dff26cade02ada6ca612a76447acd69dccdbb3a478e9e088eb3d4b9/coverage-7.6.1-cp313-cp313t-macosx_11_0_arm64.whl", hash = "sha256:502753043567491d3ff6d08629270127e0c31d4184c4c8d98f92c26f65019962", size = 208035 },
    { url = "https://files.pythonhosted.org/packages/b8/d7/62095e355ec0613b08dfb19206ce3033a0eedb6f4a67af5ed267a8800642/coverage-7.6.1-cp313-cp313t-manylinux_2_17_aarch64.manylinux2014_aarch64.whl", hash = "sha256:6a89ecca80709d4076b95f89f308544ec8f7b4727e8a547913a35f16717856cb", size = 250839 },
    { url = "https://files.pythonhosted.org/packages/7c/1e/c2967cb7991b112ba3766df0d9c21de46b476d103e32bb401b1b2adf3380/coverage-7.6.1-cp313-cp313t-manylinux_2_5_i686.manylinux1_i686.manylinux_2_17_i686.manylinux2014_i686.whl", hash = "sha256:a318d68e92e80af8b00fa99609796fdbcdfef3629c77c6283566c6f02c6d6704", size = 246569 },
    { url = "https://files.pythonhosted.org/packages/8b/61/a7a6a55dd266007ed3b1df7a3386a0d760d014542d72f7c2c6938483b7bd/coverage-7.6.1-cp313-cp313t-manylinux_2_5_x86_64.manylinux1_x86_64.manylinux_2_17_x86_64.manylinux2014_x86_64.whl", hash = "sha256:13b0a73a0896988f053e4fbb7de6d93388e6dd292b0d87ee51d106f2c11b465b", size = 248927 },
    { url = "https://files.pythonhosted.org/packages/c8/fa/13a6f56d72b429f56ef612eb3bc5ce1b75b7ee12864b3bd12526ab794847/coverage-7.6.1-cp313-cp313t-musllinux_1_2_aarch64.whl", hash = "sha256:4421712dbfc5562150f7554f13dde997a2e932a6b5f352edcce948a815efee6f", size = 248401 },
    { url = "https://files.pythonhosted.org/packages/75/06/0429c652aa0fb761fc60e8c6b291338c9173c6aa0f4e40e1902345b42830/coverage-7.6.1-cp313-cp313t-musllinux_1_2_i686.whl", hash = "sha256:166811d20dfea725e2e4baa71fffd6c968a958577848d2131f39b60043400223", size = 246301 },
    { url = "https://files.pythonhosted.org/packages/52/76/1766bb8b803a88f93c3a2d07e30ffa359467810e5cbc68e375ebe6906efb/coverage-7.6.1-cp313-cp313t-musllinux_1_2_x86_64.whl", hash = "sha256:225667980479a17db1048cb2bf8bfb39b8e5be8f164b8f6628b64f78a72cf9d3", size = 247598 },
    { url = "https://files.pythonhosted.org/packages/66/8b/f54f8db2ae17188be9566e8166ac6df105c1c611e25da755738025708d54/coverage-7.6.1-cp313-cp313t-win32.whl", hash = "sha256:170d444ab405852903b7d04ea9ae9b98f98ab6d7e63e1115e82620807519797f", size = 210307 },
    { url = "https://files.pythonhosted.org/packages/9f/b0/e0dca6da9170aefc07515cce067b97178cefafb512d00a87a1c717d2efd5/coverage-7.6.1-cp313-cp313t-win_amd64.whl", hash = "sha256:b9f222de8cded79c49bf184bdbc06630d4c58eec9459b939b4a690c82ed05657", size = 211453 },
    { url = "https://files.pythonhosted.org/packages/a5/2b/0354ed096bca64dc8e32a7cbcae28b34cb5ad0b1fe2125d6d99583313ac0/coverage-7.6.1-pp38.pp39.pp310-none-any.whl", hash = "sha256:e9a6e0eb86070e8ccaedfbd9d38fec54864f3125ab95419970575b42af7541df", size = 198926 },
]

[package.optional-dependencies]
toml = [
    { name = "tomli", marker = "python_full_version <= '3.11.0'" },
]

[[package]]
name = "exceptiongroup"
version = "1.2.2"
source = { registry = "https://pypi.org/simple" }
sdist = { url = "https://files.pythonhosted.org/packages/09/35/2495c4ac46b980e4ca1f6ad6db102322ef3ad2410b79fdde159a4b0f3b92/exceptiongroup-1.2.2.tar.gz", hash = "sha256:47c2edf7c6738fafb49fd34290706d1a1a2f4d1c6df275526b62cbb4aa5393cc", size = 28883 }
wheels = [
    { url = "https://files.pythonhosted.org/packages/02/cc/b7e31358aac6ed1ef2bb790a9746ac2c69bcb3c8588b41616914eb106eaf/exceptiongroup-1.2.2-py3-none-any.whl", hash = "sha256:3111b9d131c238bec2f8f516e123e14ba243563fb135d3fe885990585aa7795b", size = 16453 },
]

[[package]]
name = "hatchling"
version = "1.25.0"
source = { registry = "https://pypi.org/simple" }
dependencies = [
    { name = "packaging" },
    { name = "pathspec" },
    { name = "pluggy" },
    { name = "tomli", marker = "python_version < '3.11'" },
    { name = "trove-classifiers" },
]
sdist = { url = "https://files.pythonhosted.org/packages/a3/51/8a4a67a8174ce59cf49e816e38e9502900aea9b4af672d0127df8e10d3b0/hatchling-1.25.0.tar.gz", hash = "sha256:7064631a512610b52250a4d3ff1bd81551d6d1431c4eb7b72e734df6c74f4262", size = 64632 }
wheels = [
    { url = "https://files.pythonhosted.org/packages/0c/8b/90e80904fdc24ce33f6fc6f35ebd2232fe731a8528a22008458cf197bc4d/hatchling-1.25.0-py3-none-any.whl", hash = "sha256:b47948e45d4d973034584dd4cb39c14b6a70227cf287ab7ec0ad7983408a882c", size = 84077 },
]

[[package]]
name = "iniconfig"
version = "2.0.0"
source = { registry = "https://pypi.org/simple" }
sdist = { url = "https://files.pythonhosted.org/packages/d7/4b/cbd8e699e64a6f16ca3a8220661b5f83792b3017d0f79807cb8708d33913/iniconfig-2.0.0.tar.gz", hash = "sha256:2d91e135bf72d31a410b17c16da610a82cb55f6b0477d1a902134b24a455b8b3", size = 4646 }
wheels = [
    { url = "https://files.pythonhosted.org/packages/ef/a6/62565a6e1cf69e10f5727360368e451d4b7f58beeac6173dc9db836a5b46/iniconfig-2.0.0-py3-none-any.whl", hash = "sha256:b6a85871a79d2e3b22d2d1b94ac2824226a63c6b741c88f7ae975f18b6778374", size = 5892 },
]

[[package]]
name = "isort"
version = "5.13.2"
source = { registry = "https://pypi.org/simple" }
sdist = { url = "https://files.pythonhosted.org/packages/87/f9/c1eb8635a24e87ade2efce21e3ce8cd6b8630bb685ddc9cdaca1349b2eb5/isort-5.13.2.tar.gz", hash = "sha256:48fdfcb9face5d58a4f6dde2e72a1fb8dcaf8ab26f95ab49fab84c2ddefb0109", size = 175303 }
wheels = [
    { url = "https://files.pythonhosted.org/packages/d1/b3/8def84f539e7d2289a02f0524b944b15d7c75dab7628bedf1c4f0992029c/isort-5.13.2-py3-none-any.whl", hash = "sha256:8ca5e72a8d85860d5a3fa69b8745237f2939afe12dbf656afbcb47fe72d947a6", size = 92310 },
]

[[package]]
name = "jsontable"
version = "0.1.0"
source = { editable = "." }

[package.optional-dependencies]
dev = [
    { name = "hatchling" },
    { name = "isort" },
    { name = "mypy" },
    { name = "psycopg2-binary" },
    { name = "pytest" },
    { name = "pytest-cov" },
    { name = "ruff" },
    { name = "sqlparse" },
    { name = "types-psycopg2" },
]

[[package]]
name = "mypy"
version = "1.11.1"
source = { registry = "https://pypi.org/simple" }
dependencies = [
    { name = "mypy-extensions" },
    { name = "tomli", marker = "python_version < '3.11'" },
    { name = "typing-extensions" },
]
sdist = { url = "https://files.pythonhosted.org/packages/b6/9c/a4b3bda53823439cf395db8ecdda6229a83f9bf201714a68a15190bb2919/mypy-1.11.1.tar.gz", hash = "sha256:f404a0b069709f18bbdb702eb3dcfe51910602995de00bd39cea3050b5772d08", size = 3078369 }
wheels = [
    { url = "https://files.pythonhosted.org/packages/33/ba/858cc9631c24a349c1c63814edc16448da7d6b8716b2c83a10aa20f5ee89/mypy-1.11.1-cp310-cp310-macosx_10_9_x86_64.whl", hash = "sha256:a32fc80b63de4b5b3e65f4be82b4cfa362a46702672aa6a0f443b4689af7008c", size = 10937885 },
    { url = "https://files.pythonhosted.org/packages/2d/88/2ae81f7489da8313d0f2043dd657ba847650b00a0fb8e07f40e716ed8c58/mypy-1.11.1-cp310-cp310-macosx_11_0_arm64.whl", hash = "sha256:c1952f5ea8a5a959b05ed5f16452fddadbaae48b5d39235ab4c3fc444d5fd411", size = 10111978 },
    { url = "https://files.pythonhosted.org/packages/df/4b/d211d6036366f9ea5ee9fb949e80d133b4b8496cdde78c7119f518c49734/mypy-1.11.1-cp310-cp310-manylinux_2_17_x86_64.manylinux2014_x86_64.manylinux_2_28_x86_64.whl", hash = "sha256:e1e30dc3bfa4e157e53c1d17a0dad20f89dc433393e7702b813c10e200843b03", size = 12498441 },
    { url = "https://files.pythonhosted.org/packages/94/d2/973278d03ad11e006d71d4c858bfe45cf571ae061f3997911925c70a59f0/mypy-1.11.1-cp310-cp310-musllinux_1_1_x86_64.whl", hash = "sha256:2c63350af88f43a66d3dfeeeb8d77af34a4f07d760b9eb3a8697f0386c7590b4", size = 13020595 },
    { url = "https://files.pythonhosted.org/packages/0b/c2/7f4285eda528883c5c34cb4b8d88080792967f7f7f24256ad8090d303702/mypy-1.11.1-cp310-cp310-win_amd64.whl", hash = "sha256:a831671bad47186603872a3abc19634f3011d7f83b083762c942442d51c58d58", size = 9568307 },
    { url = "https://files.pythonhosted.org/packages/0b/b1/62d8ce619493a5364dda4f410912aa12c27126926e8fb8393edca0664640/mypy-1.11.1-cp311-cp311-macosx_10_9_x86_64.whl", hash = "sha256:7b6343d338390bb946d449677726edf60102a1c96079b4f002dedff375953fc5", size = 10858723 },
    { url = "https://files.pythonhosted.org/packages/fe/aa/2ad15a318bc6a17b7f23e1641a624603949904f6131e09681f40340fb875/mypy-1.11.1-cp311-cp311-macosx_11_0_arm64.whl", hash = "sha256:e4fe9f4e5e521b458d8feb52547f4bade7ef8c93238dfb5bbc790d9ff2d770ca", size = 10038078 },
    { url = "https://files.pythonhosted.org/packages/4d/7f/77feb389d91603f55b3c4e3e16ccf8752bce007ed73ca921e42c9a5dff12/mypy-1.11.1-cp311-cp311-manylinux_2_17_x86_64.manylinux2014_x86_64.manylinux_2_28_x86_64.whl", hash = "sha256:886c9dbecc87b9516eff294541bf7f3655722bf22bb898ee06985cd7269898de", size = 12420213 },
    { url = "https://files.pythonhosted.org/packages/bc/5b/907b4681f68e7ee2e2e88eed65c514cf6406b8f2f83b243ea79bd4eddb97/mypy-1.11.1-cp311-cp311-musllinux_1_1_x86_64.whl", hash = "sha256:fca4a60e1dd9fd0193ae0067eaeeb962f2d79e0d9f0f66223a0682f26ffcc809", size = 12898278 },
    { url = "https://files.pythonhosted.org/packages/5b/b3/2a83be637825d7432b8e6a51e45d02de4f463b6c7ec7164a45009a7cf477/mypy-1.11.1-cp311-cp311-win_amd64.whl", hash = "sha256:0bd53faf56de9643336aeea1c925012837432b5faf1701ccca7fde70166ccf72", size = 9564438 },
    { url = "https://files.pythonhosted.org/packages/3a/34/69638cee2e87303f19a0c35e80d42757e14d9aba328f272fdcdc0bf3c9b8/mypy-1.11.1-cp312-cp312-macosx_10_9_x86_64.whl", hash = "sha256:f39918a50f74dc5969807dcfaecafa804fa7f90c9d60506835036cc1bc891dc8", size = 10995789 },
    { url = "https://files.pythonhosted.org/packages/c4/3c/3e0611348fc53a4a7c80485959478b4f6eae706baf3b7c03cafa22639216/mypy-1.11.1-cp312-cp312-macosx_11_0_arm64.whl", hash = "sha256:0bc71d1fb27a428139dd78621953effe0d208aed9857cb08d002280b0422003a", size = 10002696 },
    { url = "https://files.pythonhosted.org/packages/1c/21/a6b46c91b4c9d1918ee59c305f46850cde7cbea748635a352e7c3c8ed204/mypy-1.11.1-cp312-cp312-manylinux_2_17_x86_64.manylinux2014_x86_64.manylinux_2_28_x86_64.whl", hash = "sha256:b868d3bcff720dd7217c383474008ddabaf048fad8d78ed948bb4b624870a417", size = 12505772 },
    { url = "https://files.pythonhosted.org/packages/c4/55/07904d4c8f408e70308015edcbff067eaa77514475938a9dd81b063de2a8/mypy-1.11.1-cp312-cp312-musllinux_1_1_x86_64.whl", hash = "sha256:a707ec1527ffcdd1c784d0924bf5cb15cd7f22683b919668a04d2b9c34549d2e", size = 12954190 },
    { url = "https://files.pythonhosted.org/packages/1e/b7/3a50f318979c8c541428c2f1ee973cda813bcc89614de982dafdd0df2b3e/mypy-1.11.1-cp312-cp312-win_amd64.whl", hash = "sha256:64f4a90e3ea07f590c5bcf9029035cf0efeae5ba8be511a8caada1a4893f5525", size = 9663138 },
    { url = "https://files.pythonhosted.org/packages/f8/d4/4960d0df55f30a7625d9c3c9414dfd42f779caabae137ef73ffaed0c97b9/mypy-1.11.1-py3-none-any.whl", hash = "sha256:0624bdb940255d2dd24e829d99a13cfeb72e4e9031f9492148f410ed30bcab54", size = 2619257 },
]

[[package]]
name = "mypy-extensions"
version = "1.0.0"
source = { registry = "https://pypi.org/simple" }
sdist = { url = "https://files.pythonhosted.org/packages/98/a4/1ab47638b92648243faf97a5aeb6ea83059cc3624972ab6b8d2316078d3f/mypy_extensions-1.0.0.tar.gz", hash = "sha256:75dbf8955dc00442a438fc4d0666508a9a97b6bd41aa2f0ffe9d2f2725af0782", size = 4433 }
wheels = [
    { url = "https://files.pythonhosted.org/packages/2a/e2/5d3f6ada4297caebe1a2add3b126fe800c96f56dbe5d1988a2cbe0b267aa/mypy_extensions-1.0.0-py3-none-any.whl", hash = "sha256:4392f6c0eb8a5668a69e23d168ffa70f0be9ccfd32b5cc2d26a34ae5b844552d", size = 4695 },
]

[[package]]
name = "packaging"
version = "24.1"
source = { registry = "https://pypi.org/simple" }
sdist = { url = "https://files.pythonhosted.org/packages/51/65/50db4dda066951078f0a96cf12f4b9ada6e4b811516bf0262c0f4f7064d4/packaging-24.1.tar.gz", hash = "sha256:026ed72c8ed3fcce5bf8950572258698927fd1dbda10a5e981cdf0ac37f4f002", size = 148788 }
wheels = [
    { url = "https://files.pythonhosted.org/packages/08/aa/cc0199a5f0ad350994d660967a8efb233fe0416e4639146c089643407ce6/packaging-24.1-py3-none-any.whl", hash = "sha256:5b8f2217dbdbd2f7f384c41c628544e6d52f2d0f53c6d0c3ea61aa5d1d7ff124", size = 53985 },
]

[[package]]
name = "pathspec"
version = "0.12.1"
source = { registry = "https://pypi.org/simple" }
sdist = { url = "https://files.pythonhosted.org/packages/ca/bc/f35b8446f4531a7cb215605d100cd88b7ac6f44ab3fc94870c120ab3adbf/pathspec-0.12.1.tar.gz", hash = "sha256:a482d51503a1ab33b1c67a6c3813a26953dbdc71c31dacaef9a838c4e29f5712", size = 51043 }
wheels = [
    { url = "https://files.pythonhosted.org/packages/cc/20/ff623b09d963f88bfde16306a54e12ee5ea43e9b597108672ff3a408aad6/pathspec-0.12.1-py3-none-any.whl", hash = "sha256:a0d503e138a4c123b27490a4f7beda6a01c6f288df0e4a8b79c7eb0dc7b4cc08", size = 31191 },
]

[[package]]
name = "pluggy"
version = "1.5.0"
source = { registry = "https://pypi.org/simple" }
sdist = { url = "https://files.pythonhosted.org/packages/96/2d/02d4312c973c6050a18b314a5ad0b3210edb65a906f868e31c111dede4a6/pluggy-1.5.0.tar.gz", hash = "sha256:2cffa88e94fdc978c4c574f15f9e59b7f4201d439195c3715ca9e2486f1d0cf1", size = 67955 }
wheels = [
    { url = "https://files.pythonhosted.org/packages/88/5f/e351af9a41f866ac3f1fac4ca0613908d9a41741cfcf2228f4ad853b697d/pluggy-1.5.0-py3-none-any.whl", hash = "sha256:44e1ad92c8ca002de6377e165f3e0f1be63266ab4d554740532335b9d75ea669", size = 20556 },
]

[[package]]
name = "psycopg2-binary"
version = "2.9.9"
source = { registry = "https://pypi.org/simple" }
sdist = { url = "https://files.pythonhosted.org/packages/fc/07/e720e53bfab016ebcc34241695ccc06a9e3d91ba19b40ca81317afbdc440/psycopg2-binary-2.9.9.tar.gz", hash = "sha256:7f01846810177d829c7692f1f5ada8096762d9172af1b1a28d4ab5b77c923c1c", size = 384973 }
wheels = [
    { url = "https://files.pythonhosted.org/packages/0a/7c/6aaf8c3cb05d86d2c3f407b95bac0c71a43f2718e38c1091972aacb5e1b2/psycopg2_binary-2.9.9-cp310-cp310-macosx_10_9_x86_64.whl", hash = "sha256:c2470da5418b76232f02a2fcd2229537bb2d5a7096674ce61859c3229f2eb202", size = 2822503 },
    { url = "https://files.pythonhosted.org/packages/72/3d/acab427845198794aafd963dd073ee35810e2c52606e8a28c12db39821fb/psycopg2_binary-2.9.9-cp310-cp310-macosx_11_0_arm64.whl", hash = "sha256:c6af2a6d4b7ee9615cbb162b0738f6e1fd1f5c3eda7e5da17861eacf4c717ea7", size = 2552645 },
    { url = "https://files.pythonhosted.org/packages/ed/be/6c787962d706e55a528ef1693dd7251de657ae60e4d9d767ed61e8e2975c/psycopg2_binary-2.9.9-cp310-cp310-manylinux_2_17_aarch64.manylinux2014_aarch64.whl", hash = "sha256:75723c3c0fbbf34350b46a3199eb50638ab22a0228f93fb472ef4d9becc2382b", size = 2850980 },
    { url = "https://files.pythonhosted.org/packages/83/50/a054076c6358753661cd1da59f4dabc03e83d51690371f3fd1edb9e2cf72/psycopg2_binary-2.9.9-cp310-cp310-manylinux_2_17_i686.manylinux2014_i686.whl", hash = "sha256:83791a65b51ad6ee6cf0845634859d69a038ea9b03d7b26e703f94c7e93dbcf9", size = 3080543 },
    { url = "https://files.pythonhosted.org/packages/9c/02/826dc5cdfc9515423ec912ba00cc2e4eb09f69e0339b177c9c742f2a09a2/psycopg2_binary-2.9.9-cp310-cp310-manylinux_2_17_ppc64le.manylinux2014_ppc64le.whl", hash = "sha256:0ef4854e82c09e84cc63084a9e4ccd6d9b154f1dbdd283efb92ecd0b5e2b8c84", size = 3264316 },
    { url = "https://files.pythonhosted.org/packages/bc/0d/486e3fa27f39a00168abfcf14a3d8444f437f4b755cc34316da1124f293d/psycopg2_binary-2.9.9-cp310-cp310-manylinux_2_17_x86_64.manylinux2014_x86_64.whl", hash = "sha256:ed1184ab8f113e8d660ce49a56390ca181f2981066acc27cf637d5c1e10ce46e", size = 3019508 },
    { url = "https://files.pythonhosted.org/packages/41/af/bce37630c525d2b9cf93f930110fc98616d6aca308d59b833b83b3a38176/psycopg2_binary-2.9.9-cp310-cp310-musllinux_1_1_aarch64.whl", hash = "sha256:d2997c458c690ec2bc6b0b7ecbafd02b029b7b4283078d3b32a852a7ce3ddd98", size = 2355821 },
    { url = "https://files.pythonhosted.org/packages/3b/76/e46dae1b2273814ef80231f86d59cadf94ec36fd757045ed713c5b75cde7/psycopg2_binary-2.9.9-cp310-cp310-musllinux_1_1_i686.whl", hash = "sha256:b58b4710c7f4161b5e9dcbe73bb7c62d65670a87df7bcce9e1faaad43e715245", size = 2534855 },
    { url = "https://files.pythonhosted.org/packages/0e/6d/e97245eabff29d7c2de5fc1fc17cf7ef427beee93d20a5ae114c6e6718bd/psycopg2_binary-2.9.9-cp310-cp310-musllinux_1_1_ppc64le.whl", hash = "sha256:0c009475ee389757e6e34611d75f6e4f05f0cf5ebb76c6037508318e1a1e0d7e", size = 2486614 },
    { url = "https://files.pythonhosted.org/packages/70/a7/2cd2c9d5e23b556c11e3b7da41895808d9b056f8f34f50de4375a35b4951/psycopg2_binary-2.9.9-cp310-cp310-musllinux_1_1_x86_64.whl", hash = "sha256:8dbf6d1bc73f1d04ec1734bae3b4fb0ee3cb2a493d35ede9badbeb901fb40f6f", size = 2454928 },
    { url = "https://files.pythonhosted.org/packages/63/41/815d19767e2adb1a585213b801c954f46102f305c352c4a4f96287342d44/psycopg2_binary-2.9.9-cp310-cp310-win32.whl", hash = "sha256:3f78fd71c4f43a13d342be74ebbc0666fe1f555b8837eb113cb7416856c79682", size = 1025249 },
    { url = "https://files.pythonhosted.org/packages/5e/4c/9233e0e206634a5387f3ab40f334a5325fb8bef2ca4e12ee7dbdeaf96afc/psycopg2_binary-2.9.9-cp310-cp310-win_amd64.whl", hash = "sha256:876801744b0dee379e4e3c38b76fc89f88834bb15bf92ee07d94acd06ec890a0", size = 1163645 },
    { url = "https://files.pythonhosted.org/packages/a5/ac/702d300f3df169b9d0cbef0340d9f34a78bc18dc2dbafbcb39ff0f165cf8/psycopg2_binary-2.9.9-cp311-cp311-macosx_10_9_x86_64.whl", hash = "sha256:ee825e70b1a209475622f7f7b776785bd68f34af6e7a46e2e42f27b659b5bc26", size = 2822581 },
    { url = "https://files.pythonhosted.org/packages/7a/1f/a6cf0cdf944253f7c45d90fbc876cc8bed5cc9942349306245715c0d88d6/psycopg2_binary-2.9.9-cp311-cp311-macosx_11_0_arm64.whl", hash = "sha256:1ea665f8ce695bcc37a90ee52de7a7980be5161375d42a0b6c6abedbf0d81f0f", size = 2552633 },
    { url = "https://files.pythonhosted.org/packages/81/0b/3adf561107c865928455891156d1dde5325253f7f4316fe56cd2c3f73570/psycopg2_binary-2.9.9-cp311-cp311-manylinux_2_17_aarch64.manylinux2014_aarch64.whl", hash = "sha256:143072318f793f53819048fdfe30c321890af0c3ec7cb1dfc9cc87aa88241de2", size = 2851075 },
    { url = "https://files.pythonhosted.org/packages/f7/98/c2fedcbf0a9607519a010dcf88571138b2251062dbde3610cdba5ba1eee1/psycopg2_binary-2.9.9-cp311-cp311-manylinux_2_17_i686.manylinux2014_i686.whl", hash = "sha256:c332c8d69fb64979ebf76613c66b985414927a40f8defa16cf1bc028b7b0a7b0", size = 3080509 },
    { url = "https://files.pythonhosted.org/packages/c2/05/81e8bc7fca95574c9323e487d9ce1b58a4cfcc17f89b8fe843af46361211/psycopg2_binary-2.9.9-cp311-cp311-manylinux_2_17_ppc64le.manylinux2014_ppc64le.whl", hash = "sha256:f7fc5a5acafb7d6ccca13bfa8c90f8c51f13d8fb87d95656d3950f0158d3ce53", size = 3264303 },
    { url = "https://files.pythonhosted.org/packages/ce/85/62825cabc6aad53104b7b6d12eb2ad74737d268630032d07b74d4444cb72/psycopg2_binary-2.9.9-cp311-cp311-manylinux_2_17_x86_64.manylinux2014_x86_64.whl", hash = "sha256:977646e05232579d2e7b9c59e21dbe5261f403a88417f6a6512e70d3f8a046be", size = 3019515 },
    { url = "https://files.pythonhosted.org/packages/e9/b0/9ca2b8e01a0912c9a14234fd5df7a241a1e44778c5797bf4b8eaa8dc3d3a/psycopg2_binary-2.9.9-cp311-cp311-musllinux_1_1_aarch64.whl", hash = "sha256:b6356793b84728d9d50ead16ab43c187673831e9d4019013f1402c41b1db9b27", size = 2355892 },
    { url = "https://files.pythonhosted.org/packages/73/17/ba28bb0022db5e2015a82d2df1c4b0d419c37fa07a588b3aff3adc4939f6/psycopg2_binary-2.9.9-cp311-cp311-musllinux_1_1_i686.whl", hash = "sha256:bc7bb56d04601d443f24094e9e31ae6deec9ccb23581f75343feebaf30423359", size = 2534903 },
    { url = "https://files.pythonhosted.org/packages/3b/92/b463556409cdc12791cd8b1dae0072bf8efe817ef68b7ea3d9cf7d0e5656/psycopg2_binary-2.9.9-cp311-cp311-musllinux_1_1_ppc64le.whl", hash = "sha256:77853062a2c45be16fd6b8d6de2a99278ee1d985a7bd8b103e97e41c034006d2", size = 2486597 },
    { url = "https://files.pythonhosted.org/packages/92/57/96576e07132d7f7a1ac1df939575e6fdd8951aea337ee152b586bb51a971/psycopg2_binary-2.9.9-cp311-cp311-musllinux_1_1_x86_64.whl", hash = "sha256:78151aa3ec21dccd5cdef6c74c3e73386dcdfaf19bced944169697d7ac7482fc", size = 2454908 },
    { url = "https://files.pythonhosted.org/packages/7c/ae/cedd56e1f4a2b0e37213283caf3733a875c4c76f3372241e19c0d2a87355/psycopg2_binary-2.9.9-cp311-cp311-win32.whl", hash = "sha256:dc4926288b2a3e9fd7b50dc6a1909a13bbdadfc67d93f3374d984e56f885579d", size = 1024240 },
    { url = "https://files.pythonhosted.org/packages/25/1f/7ae31759142999a8d06b3e250c1346c4abcdcada8fa884376775dc1de686/psycopg2_binary-2.9.9-cp311-cp311-win_amd64.whl", hash = "sha256:b76bedd166805480ab069612119ea636f5ab8f8771e640ae103e05a4aae3e417", size = 1163655 },
    { url = "https://files.pythonhosted.org/packages/a7/d0/5f2db14e7b53552276ab613399a83f83f85b173a862d3f20580bc7231139/psycopg2_binary-2.9.9-cp312-cp312-macosx_10_9_x86_64.whl", hash = "sha256:8532fd6e6e2dc57bcb3bc90b079c60de896d2128c5d9d6f24a63875a95a088cf", size = 2823784 },
    { url = "https://files.pythonhosted.org/packages/18/ca/da384fd47233e300e3e485c90e7aab5d7def896d1281239f75901faf87d4/psycopg2_binary-2.9.9-cp312-cp312-macosx_11_0_arm64.whl", hash = "sha256:b0605eaed3eb239e87df0d5e3c6489daae3f7388d455d0c0b4df899519c6a38d", size = 2553308 },
    { url = "https://files.pythonhosted.org/packages/50/66/fa53d2d3d92f6e1ef469d92afc6a4fe3f6e8a9a04b687aa28fb1f1d954ee/psycopg2_binary-2.9.9-cp312-cp312-manylinux_2_17_aarch64.manylinux2014_aarch64.whl", hash = "sha256:8f8544b092a29a6ddd72f3556a9fcf249ec412e10ad28be6a0c0d948924f2212", size = 2851283 },
    { url = "https://files.pythonhosted.org/packages/04/37/2429360ac5547378202db14eec0dde76edbe1f6627df5a43c7e164922859/psycopg2_binary-2.9.9-cp312-cp312-manylinux_2_17_i686.manylinux2014_i686.whl", hash = "sha256:2d423c8d8a3c82d08fe8af900ad5b613ce3632a1249fd6a223941d0735fce493", size = 3081839 },
    { url = "https://files.pythonhosted.org/packages/62/2a/c0530b59d7e0d09824bc2102ecdcec0456b8ca4d47c0caa82e86fce3ed4c/psycopg2_binary-2.9.9-cp312-cp312-manylinux_2_17_ppc64le.manylinux2014_ppc64le.whl", hash = "sha256:2e5afae772c00980525f6d6ecf7cbca55676296b580c0e6abb407f15f3706996", size = 3264488 },
    { url = "https://files.pythonhosted.org/packages/19/57/9f172b900795ea37246c78b5f52e00f4779984370855b3e161600156906d/psycopg2_binary-2.9.9-cp312-cp312-manylinux_2_17_x86_64.manylinux2014_x86_64.whl", hash = "sha256:6e6f98446430fdf41bd36d4faa6cb409f5140c1c2cf58ce0bbdaf16af7d3f119", size = 3020700 },
    { url = "https://files.pythonhosted.org/packages/94/68/1176fc14ea76861b7b8360be5176e87fb20d5091b137c76570eb4e237324/psycopg2_binary-2.9.9-cp312-cp312-musllinux_1_1_aarch64.whl", hash = "sha256:c77e3d1862452565875eb31bdb45ac62502feabbd53429fdc39a1cc341d681ba", size = 2355968 },
    { url = "https://files.pythonhosted.org/packages/70/bb/aec2646a705a09079d008ce88073401cd61fc9b04f92af3eb282caa3a2ec/psycopg2_binary-2.9.9-cp312-cp312-musllinux_1_1_i686.whl", hash = "sha256:cb16c65dcb648d0a43a2521f2f0a2300f40639f6f8c1ecbc662141e4e3e1ee07", size = 2536101 },
    { url = "https://files.pythonhosted.org/packages/14/33/12818c157e333cb9d9e6753d1b2463b6f60dbc1fade115f8e4dc5c52cac4/psycopg2_binary-2.9.9-cp312-cp312-musllinux_1_1_ppc64le.whl", hash = "sha256:911dda9c487075abd54e644ccdf5e5c16773470a6a5d3826fda76699410066fb", size = 2487064 },
    { url = "https://files.pythonhosted.org/packages/56/a2/7851c68fe8768f3c9c246198b6356ee3e4a8a7f6820cc798443faada3400/psycopg2_binary-2.9.9-cp312-cp312-musllinux_1_1_x86_64.whl", hash = "sha256:57fede879f08d23c85140a360c6a77709113efd1c993923c59fde17aa27599fe", size = 2456257 },
    { url = "https://files.pythonhosted.org/packages/6f/ee/3ba07c6dc7c3294e717e94720da1597aedc82a10b1b180203ce183d4631a/psycopg2_binary-2.9.9-cp312-cp312-win32.whl", hash = "sha256:64cf30263844fa208851ebb13b0732ce674d8ec6a0c86a4e160495d299ba3c93", size = 1024709 },
    { url = "https://files.pythonhosted.org/packages/7b/08/9c66c269b0d417a0af9fb969535f0371b8c538633535a7a6a5ca3f9231e2/psycopg2_binary-2.9.9-cp312-cp312-win_amd64.whl", hash = "sha256:81ff62668af011f9a48787564ab7eded4e9fb17a4a6a74af5ffa6a457400d2ab", size = 1163864 },
]

[[package]]
name = "pytest"
version = "8.3.2"
source = { registry = "https://pypi.org/simple" }
dependencies = [
    { name = "colorama", marker = "sys_platform == 'win32'" },
    { name = "exceptiongroup", marker = "python_version < '3.11'" },
    { name = "iniconfig" },
    { name = "packaging" },
    { name = "pluggy" },
    { name = "tomli", marker = "python_version < '3.11'" },
]
sdist = { url = "https://files.pythonhosted.org/packages/b4/8c/9862305bdcd6020bc7b45b1b5e7397a6caf1a33d3025b9a003b39075ffb2/pytest-8.3.2.tar.gz", hash = "sha256:c132345d12ce551242c87269de812483f5bcc87cdbb4722e48487ba194f9fdce", size = 1439314 }
wheels = [
    { url = "https://files.pythonhosted.org/packages/0f/f9/cf155cf32ca7d6fa3601bc4c5dd19086af4b320b706919d48a4c79081cf9/pytest-8.3.2-py3-none-any.whl", hash = "sha256:4ba08f9ae7dcf84ded419494d229b48d0903ea6407b030eaec46df5e6a73bba5", size = 341802 },
]

[[package]]
name = "pytest-cov"
version = "5.0.0"
source = { registry = "https://pypi.org/simple" }
dependencies = [
    { name = "coverage", extra = ["toml"] },
    { name = "pytest" },
]
sdist = { url = "https://files.pythonhosted.org/packages/74/67/00efc8d11b630c56f15f4ad9c7f9223f1e5ec275aaae3fa9118c6a223ad2/pytest-cov-5.0.0.tar.gz", hash = "sha256:5837b58e9f6ebd335b0f8060eecce69b662415b16dc503883a02f45dfeb14857", size = 63042 }
wheels = [
    { url = "https://files.pythonhosted.org/packages/78/3a/af5b4fa5961d9a1e6237b530eb87dd04aea6eb83da09d2a4073d81b54ccf/pytest_cov-5.0.0-py3-none-any.whl", hash = "sha256:4f0764a1219df53214206bf1feea4633c3b558a2925c8b59f144f682861ce652", size = 21990 },
]

[[package]]
name = "ruff"
version = "0.5.7"
source = { registry = "https://pypi.org/simple" }
sdist = { url = "https://files.pythonhosted.org/packages/bf/2b/69e5e412f9d390adbdbcbf4f64d6914fa61b44b08839a6584655014fc524/ruff-0.5.7.tar.gz", hash = "sha256:8dfc0a458797f5d9fb622dd0efc52d796f23f0a1493a9527f4e49a550ae9a7e5", size = 2449817 }
wheels = [
    { url = "https://files.pythonhosted.org/packages/6b/eb/06e06aaf96af30a68e83b357b037008c54a2ddcbad4f989535007c700394/ruff-0.5.7-py3-none-linux_armv6l.whl", hash = "sha256:548992d342fc404ee2e15a242cdbea4f8e39a52f2e7752d0e4cbe88d2d2f416a", size = 9570571 },
    { url = "https://files.pythonhosted.org/packages/a4/10/1be32aeaab8728f78f673e7a47dd813222364479b2d6573dbcf0085e83ea/ruff-0.5.7-py3-none-macosx_10_12_x86_64.whl", hash = "sha256:00cc8872331055ee017c4f1071a8a31ca0809ccc0657da1d154a1d2abac5c0be", size = 8685138 },
    { url = "https://files.pythonhosted.org/packages/3d/1d/c218ce83beb4394ba04d05e9aa2ae6ce9fba8405688fe878b0fdb40ce855/ruff-0.5.7-py3-none-macosx_11_0_arm64.whl", hash = "sha256:eaf3d86a1fdac1aec8a3417a63587d93f906c678bb9ed0b796da7b59c1114a1e", size = 8266785 },
    { url = "https://files.pythonhosted.org/packages/26/79/7f49509bd844476235b40425756def366b227a9714191c91f02fb2178635/ruff-0.5.7-py3-none-manylinux_2_17_aarch64.manylinux2014_aarch64.whl", hash = "sha256:a01c34400097b06cf8a6e61b35d6d456d5bd1ae6961542de18ec81eaf33b4cb8", size = 9983964 },
    { url = "https://files.pythonhosted.org/packages/bf/b1/939836b70bf9fcd5e5cd3ea67fdb8abb9eac7631351d32f26544034a35e4/ruff-0.5.7-py3-none-manylinux_2_17_armv7l.manylinux2014_armv7l.whl", hash = "sha256:fcc8054f1a717e2213500edaddcf1dbb0abad40d98e1bd9d0ad364f75c763eea", size = 9359490 },
    { url = "https://files.pythonhosted.org/packages/32/7d/b3db19207de105daad0c8b704b2c6f2a011f9c07017bd58d8d6e7b8eba19/ruff-0.5.7-py3-none-manylinux_2_17_i686.manylinux2014_i686.whl", hash = "sha256:7f70284e73f36558ef51602254451e50dd6cc479f8b6f8413a95fcb5db4a55fc", size = 10170833 },
    { url = "https://files.pythonhosted.org/packages/a2/45/eae9da55f3357a1ac04220230b8b07800bf516e6dd7e1ad20a2ff3b03b1b/ruff-0.5.7-py3-none-manylinux_2_17_ppc64.manylinux2014_ppc64.whl", hash = "sha256:a78ad870ae3c460394fc95437d43deb5c04b5c29297815a2a1de028903f19692", size = 10896360 },
    { url = "https://files.pythonhosted.org/packages/99/67/4388b36d145675f4c51ebec561fcd4298a0e2550c81e629116f83ce45a39/ruff-0.5.7-py3-none-manylinux_2_17_ppc64le.manylinux2014_ppc64le.whl", hash = "sha256:9ccd078c66a8e419475174bfe60a69adb36ce04f8d4e91b006f1329d5cd44bcf", size = 10477094 },
    { url = "https://files.pythonhosted.org/packages/e1/9c/f5e6ed1751dc187a4ecf19a4970dd30a521c0ee66b7941c16e292a4043fb/ruff-0.5.7-py3-none-manylinux_2_17_s390x.manylinux2014_s390x.whl", hash = "sha256:7e31c9bad4ebf8fdb77b59cae75814440731060a09a0e0077d559a556453acbb", size = 11480896 },
    { url = "https://files.pythonhosted.org/packages/c8/3b/2b683be597bbd02046678fc3fc1c199c641512b20212073b58f173822bb3/ruff-0.5.7-py3-none-manylinux_2_17_x86_64.manylinux2014_x86_64.whl", hash = "sha256:8d796327eed8e168164346b769dd9a27a70e0298d667b4ecee6877ce8095ec8e", size = 10179702 },
    { url = "https://files.pythonhosted.org/packages/f1/38/c2d94054dc4b3d1ea4c2ba3439b2a7095f08d1c8184bc41e6abe2a688be7/ruff-0.5.7-py3-none-musllinux_1_2_aarch64.whl", hash = "sha256:4a09ea2c3f7778cc635e7f6edf57d566a8ee8f485f3c4454db7771efb692c499", size = 9982855 },
    { url = "https://files.pythonhosted.org/packages/7d/e7/1433db2da505ffa8912dcf5b28a8743012ee780cbc20ad0bf114787385d9/ruff-0.5.7-py3-none-musllinux_1_2_armv7l.whl", hash = "sha256:a36d8dcf55b3a3bc353270d544fb170d75d2dff41eba5df57b4e0b67a95bb64e", size = 9433156 },
    { url = "https://files.pythonhosted.org/packages/e0/36/4fa43250e67741edeea3d366f59a1dc993d4d89ad493a36cbaa9889895f2/ruff-0.5.7-py3-none-musllinux_1_2_i686.whl", hash = "sha256:9369c218f789eefbd1b8d82a8cf25017b523ac47d96b2f531eba73770971c9e5", size = 9782971 },
    { url = "https://files.pythonhosted.org/packages/80/0e/8c276103d518e5cf9202f70630aaa494abf6fc71c04d87c08b6d3cd07a4b/ruff-0.5.7-py3-none-musllinux_1_2_x86_64.whl", hash = "sha256:b88ca3db7eb377eb24fb7c82840546fb7acef75af4a74bd36e9ceb37a890257e", size = 10247775 },
    { url = "https://files.pythonhosted.org/packages/cb/b9/673096d61276f39291b729dddde23c831a5833d98048349835782688a0ec/ruff-0.5.7-py3-none-win32.whl", hash = "sha256:33d61fc0e902198a3e55719f4be6b375b28f860b09c281e4bdbf783c0566576a", size = 7841772 },
    { url = "https://files.pythonhosted.org/packages/67/1c/4520c98bfc06b9c73cd1457686d4d3935d40046b1ddea08403e5a6deff51/ruff-0.5.7-py3-none-win_amd64.whl", hash = "sha256:083bbcbe6fadb93cd86709037acc510f86eed5a314203079df174c40bbbca6b3", size = 8699779 },
    { url = "https://files.pythonhosted.org/packages/38/23/b3763a237d2523d40a31fe2d1a301191fe392dd48d3014977d079cf8c0bd/ruff-0.5.7-py3-none-win_arm64.whl", hash = "sha256:2dca26154ff9571995107221d0aeaad0e75a77b5a682d6236cf89a58c70b76f4", size = 8091891 },
]

[[package]]
name = "sqlparse"
version = "0.5.1"
source = { registry = "https://pypi.org/simple" }
sdist = { url = "https://files.pythonhosted.org/packages/73/82/dfa23ec2cbed08a801deab02fe7c904bfb00765256b155941d789a338c68/sqlparse-0.5.1.tar.gz", hash = "sha256:bb6b4df465655ef332548e24f08e205afc81b9ab86cb1c45657a7ff173a3a00e", size = 84502 }
wheels = [
    { url = "https://files.pythonhosted.org/packages/5d/a5/b2860373aa8de1e626b2bdfdd6df4355f0565b47e51f7d0c54fe70faf8fe/sqlparse-0.5.1-py3-none-any.whl", hash = "sha256:773dcbf9a5ab44a090f3441e2180efe2560220203dc2f8c0b0fa141e18b505e4", size = 44156 },
]

[[package]]
name = "tomli"
version = "2.0.1"
source = { registry = "https://pypi.org/simple" }
sdist = { url = "https://files.pythonhosted.org/packages/c0/3f/d7af728f075fb08564c5949a9c95e44352e23dee646869fa104a3b2060a3/tomli-2.0.1.tar.gz", hash = "sha256:de526c12914f0c550d15924c62d72abc48d6fe7364aa87328337a31007fe8a4f", size = 15164 }
wheels = [
    { url = "https://files.pythonhosted.org/packages/97/75/10a9ebee3fd790d20926a90a2547f0bf78f371b2f13aa822c759680ca7b9/tomli-2.0.1-py3-none-any.whl", hash = "sha256:939de3e7a6161af0c887ef91b7d41a53e7c5a1ca976325f429cb46ea9bc30ecc", size = 12757 },
]

[[package]]
name = "trove-classifiers"
version = "2024.7.2"
source = { registry = "https://pypi.org/simple" }
sdist = { url = "https://files.pythonhosted.org/packages/78/c9/83f915c3f6f94f4c862c7470284fd714f312cce8e3cf98361312bc02493d/trove_classifiers-2024.7.2.tar.gz", hash = "sha256:8328f2ac2ce3fd773cbb37c765a0ed7a83f89dc564c7d452f039b69249d0ac35", size = 16071 }
wheels = [
    { url = "https://files.pythonhosted.org/packages/0f/b0/09794439a62a7dc18bffdbf145aaf50297fd994890b11da27a13e376b947/trove_classifiers-2024.7.2-py3-none-any.whl", hash = "sha256:ccc57a33717644df4daca018e7ec3ef57a835c48e96a1e71fc07eb7edac67af6", size = 13468 },
]

[[package]]
name = "types-psycopg2"
version = "2.9.21.20240417"
source = { registry = "https://pypi.org/simple" }
sdist = { url = "https://files.pythonhosted.org/packages/3b/f2/3272ba3af68cda505b92ecd113c0027c2fbc1e13d61254a1b26383455871/types-psycopg2-2.9.21.20240417.tar.gz", hash = "sha256:05db256f4a459fb21a426b8e7fca0656c3539105ff0208eaf6bdaf406a387087", size = 21256 }
wheels = [
    { url = "https://files.pythonhosted.org/packages/91/df/d1809b425ed349fd83ed6438250a4ffbc4509b6292cad0e4a524950e1710/types_psycopg2-2.9.21.20240417-py3-none-any.whl", hash = "sha256:644d6644d64ebbe37203229b00771012fb3b3bddd507a129a2e136485990e4f8", size = 19949 },
]

[[package]]
name = "typing-extensions"
version = "4.12.2"
source = { registry = "https://pypi.org/simple" }
sdist = { url = "https://files.pythonhosted.org/packages/df/db/f35a00659bc03fec321ba8bce9420de607a1d37f8342eee1863174c69557/typing_extensions-4.12.2.tar.gz", hash = "sha256:1a7ead55c7e559dd4dee8856e3a88b41225abfe1ce8df57b7c13915fe121ffb8", size = 85321 }
wheels = [
    { url = "https://files.pythonhosted.org/packages/26/9f/ad63fc0248c5379346306f8668cda6e2e2e9c95e01216d2b8ffd9ff037d0/typing_extensions-4.12.2-py3-none-any.whl", hash = "sha256:04e5ca0351e0f3f85c6853954072df659d0d13fac324d0072316b67d7794700d", size = 37438 },
]
